
Microsoft Visual Studio Solution File, Format Version 9.00
# Visual Studio 2005
Project("{8BC9CEB8-8B4A-11D0-8D11-00A0C91BC942}") = "pedumper", "pedumper\pedumper.vcproj", "{A6AC242C-862D-43F4-A77B-D9D793FCC983}"
EndProject
Global
	GlobalSection(SolutionConfigurationPlatforms) = preSolution
		Debug|Win32 = Debug|Win32
		Release|Win32 = Release|Win32
	EndGlobalSection
	GlobalSection(ProjectConfigurationPlatforms) = postSolution
		{A6AC242C-862D-43F4-A77B-D9D793FCC983}.Debug|Win32.ActiveCfg = Debug|Win32
		{A6AC242C-862D-43F4-A77B-D9D793FCC983}.Debug|Win32.Build.0 = Debug|Win32
		{A6AC242C-862D-43F4-A77B-D9D793FCC983}.Release|Win32.ActiveCfg = Release|Win32
		{A6AC242C-862D-43F4-A77B-D9D793FCC983}.Release|Win32.Build.0 = Release|Win32
	EndGlobalSection
	GlobalSection(SolutionProperties) = preSolution
		HideSolutionNode = FALSE
	EndGlobalSection
EndGlobal
