
Microsoft Visual Studio Solution File, Format Version 9.00
# Visual Studio 2005
Project("{8BC9CEB8-8B4A-11D0-8D11-00A0C91BC942}") = "cache_exe", "cache_exe\cache_exe.vcproj", "{1CC2FECC-4456-4FDB-A084-C9D7261171A5}"
EndProject
Project("{8BC9CEB8-8B4A-11D0-8D11-00A0C91BC942}") = "table_fn", "table_fn\table_fn.vcproj", "{ADAF7F80-531F-4493-91C8-997108F0593B}"
EndProject
Global
	GlobalSection(SolutionConfigurationPlatforms) = preSolution
		Debug|Win32 = Debug|Win32
		Release|Win32 = Release|Win32
	EndGlobalSection
	GlobalSection(ProjectConfigurationPlatforms) = postSolution
		{1CC2FECC-4456-4FDB-A084-C9D7261171A5}.Debug|Win32.ActiveCfg = Debug|Win32
		{1CC2FECC-4456-4FDB-A084-C9D7261171A5}.Debug|Win32.Build.0 = Debug|Win32
		{1CC2FECC-4456-4FDB-A084-C9D7261171A5}.Release|Win32.ActiveCfg = Release|Win32
		{1CC2FECC-4456-4FDB-A084-C9D7261171A5}.Release|Win32.Build.0 = Release|Win32
		{ADAF7F80-531F-4493-91C8-997108F0593B}.Debug|Win32.ActiveCfg = Debug|Win32
		{ADAF7F80-531F-4493-91C8-997108F0593B}.Debug|Win32.Build.0 = Debug|Win32
		{ADAF7F80-531F-4493-91C8-997108F0593B}.Release|Win32.ActiveCfg = Release|Win32
		{ADAF7F80-531F-4493-91C8-997108F0593B}.Release|Win32.Build.0 = Release|Win32
	EndGlobalSection
	GlobalSection(SolutionProperties) = preSolution
		HideSolutionNode = FALSE
	EndGlobalSection
EndGlobal
